schema: '2.0'
stages:
  make_dataset:
    cmd: python src/data/make_dataset.py
    deps:
    - path: src/data/make_dataset.py
      hash: md5
      md5: 9c21fa7fc39eeecc14b48a5c35f32cd1
      size: 229
    outs:
    - path: data/raw/test_raw
      hash: md5
      md5: d41d8cd98f00b204e9800998ecf8427e
      size: 0
    - path: data/raw/train_raw
      hash: md5
      md5: d41d8cd98f00b204e9800998ecf8427e
      size: 0
    - path: data/raw/val_raw
      hash: md5
      md5: d41d8cd98f00b204e9800998ecf8427e
      size: 0
  build_features:
    cmd: python src/features/build_features.py
    deps:
    - path: data/raw/test_raw
      hash: md5
      md5: d41d8cd98f00b204e9800998ecf8427e
      size: 0
    - path: data/raw/train_raw
      hash: md5
      md5: d41d8cd98f00b204e9800998ecf8427e
      size: 0
    - path: data/raw/val_raw
      hash: md5
      md5: d41d8cd98f00b204e9800998ecf8427e
      size: 0
    - path: src/features/build_features.py
      hash: md5
      md5: ec6afe869a354a66264caa451de923e9
      size: 235
    outs:
    - path: data/processed/test
      hash: md5
      md5: d41d8cd98f00b204e9800998ecf8427e
      size: 0
    - path: data/processed/train
      hash: md5
      md5: d41d8cd98f00b204e9800998ecf8427e
      size: 0
    - path: data/processed/val
      hash: md5
      md5: d41d8cd98f00b204e9800998ecf8427e
      size: 0
  train_model:
    cmd: python src/models/train_model.py
    deps:
    - path: data/processed/test
      hash: md5
      md5: d41d8cd98f00b204e9800998ecf8427e
      size: 0
    - path: data/processed/train
      hash: md5
      md5: d41d8cd98f00b204e9800998ecf8427e
      size: 0
    - path: data/processed/val
      hash: md5
      md5: d41d8cd98f00b204e9800998ecf8427e
      size: 0
    - path: src/models/train_model.py
      hash: md5
      md5: f9e019bdab6188bc8dc1311a3ed94cec
      size: 116
    outs:
    - path: models/phishing_model.h5
      hash: md5
      md5: d41d8cd98f00b204e9800998ecf8427e
      size: 0
