schema: '2.0'
stages:
  make_dataset:
    cmd: python src/data/make_dataset.py
    deps:
    - path: src/data/make_dataset.py
      hash: md5
      md5: cc13bdb80e049a26936e68231ad3f022
      size: 217
    outs:
    - path: data/test_raw
      hash: md5
      md5: d41d8cd98f00b204e9800998ecf8427e
      size: 0
    - path: data/train_raw
      hash: md5
      md5: d41d8cd98f00b204e9800998ecf8427e
      size: 0
    - path: data/val_raw
      hash: md5
      md5: d41d8cd98f00b204e9800998ecf8427e
      size: 0
  build_features:
    cmd: python src/features/build_features.py
    deps:
    - path: data/test_raw
      hash: md5
      md5: d41d8cd98f00b204e9800998ecf8427e
      size: 0
    - path: data/train_raw
      hash: md5
      md5: d41d8cd98f00b204e9800998ecf8427e
      size: 0
    - path: data/val_raw
      hash: md5
      md5: d41d8cd98f00b204e9800998ecf8427e
      size: 0
    - path: src/features/build_features.py
      hash: md5
      md5: 540c331359808a9714f5fa75e52cf307
      size: 205
    outs:
    - path: data/test
      hash: md5
      md5: d41d8cd98f00b204e9800998ecf8427e
      size: 0
    - path: data/train
      hash: md5
      md5: d41d8cd98f00b204e9800998ecf8427e
      size: 0
    - path: data/val
      hash: md5
      md5: d41d8cd98f00b204e9800998ecf8427e
      size: 0
  train_model:
    cmd: python src/models/train_model.py
    deps:
    - path: data/test
      hash: md5
      md5: d41d8cd98f00b204e9800998ecf8427e
      size: 0
    - path: data/train
      hash: md5
      md5: d41d8cd98f00b204e9800998ecf8427e
      size: 0
    - path: data/val
      hash: md5
      md5: d41d8cd98f00b204e9800998ecf8427e
      size: 0
    - path: src/models/train_model.py
      hash: md5
      md5: f9e019bdab6188bc8dc1311a3ed94cec
      size: 116
    outs:
    - path: models/phishing_model.h5
      hash: md5
      md5: d41d8cd98f00b204e9800998ecf8427e
      size: 0
